
Microsoft Visual Studio Solution File, Format Version 12.00
# Visual Studio Version 17
VisualStudioVersion = 17.1.32210.238
MinimumVisualStudioVersion = 10.0.40219.1
Project("{FAE04EC0-301F-11D3-BF4B-00C04F79EFBC}") = "ExamenSegundaParcial6673.Android", "ExamenSegundaParcial6673\ExamenSegundaParcial6673.Android\ExamenSegundaParcial6673.Android.csproj", "{E367BF6A-1879-45AD-844E-6869ECA13866}"
EndProject
Project("{FAE04EC0-301F-11D3-BF4B-00C04F79EFBC}") = "ExamenSegundaParcial6673.iOS", "ExamenSegundaParcial6673\ExamenSegundaParcial6673.iOS\ExamenSegundaParcial6673.iOS.csproj", "{CDB758BC-4957-49DC-9347-8230F7E8BDBD}"
EndProject
Project("{FAE04EC0-301F-11D3-BF4B-00C04F79EFBC}") = "ExamenSegundaParcial6673", "ExamenSegundaParcial6673\ExamenSegundaParcial6673\ExamenSegundaParcial6673.csproj", "{69E96305-050A-4F7F-BE68-81D508367FF6}"
EndProject
Global
	GlobalSection(SolutionConfigurationPlatforms) = preSolution
		Debug|Any CPU = Debug|Any CPU
		Debug|iPhone = Debug|iPhone
		Debug|iPhoneSimulator = Debug|iPhoneSimulator
		Release|Any CPU = Release|Any CPU
		Release|iPhone = Release|iPhone
		Release|iPhoneSimulator = Release|iPhoneSimulator
	EndGlobalSection
	GlobalSection(ProjectConfigurationPlatforms) = postSolution
		{E367BF6A-1879-45AD-844E-6869ECA13866}.Debug|Any CPU.ActiveCfg = Debug|Any CPU
		{E367BF6A-1879-45AD-844E-6869ECA13866}.Debug|Any CPU.Build.0 = Debug|Any CPU
		{E367BF6A-1879-45AD-844E-6869ECA13866}.Debug|Any CPU.Deploy.0 = Debug|Any CPU
		{E367BF6A-1879-45AD-844E-6869ECA13866}.Debug|iPhone.ActiveCfg = Debug|Any CPU
		{E367BF6A-1879-45AD-844E-6869ECA13866}.Debug|iPhone.Build.0 = Debug|Any CPU
		{E367BF6A-1879-45AD-844E-6869ECA13866}.Debug|iPhone.Deploy.0 = Debug|Any CPU
		{E367BF6A-1879-45AD-844E-6869ECA13866}.Debug|iPhoneSimulator.ActiveCfg = Debug|Any CPU
		{E367BF6A-1879-45AD-844E-6869ECA13866}.Debug|iPhoneSimulator.Build.0 = Debug|Any CPU
		{E367BF6A-1879-45AD-844E-6869ECA13866}.Debug|iPhoneSimulator.Deploy.0 = Debug|Any CPU
		{E367BF6A-1879-45AD-844E-6869ECA13866}.Release|Any CPU.ActiveCfg = Release|Any CPU
		{E367BF6A-1879-45AD-844E-6869ECA13866}.Release|Any CPU.Build.0 = Release|Any CPU
		{E367BF6A-1879-45AD-844E-6869ECA13866}.Release|Any CPU.Deploy.0 = Release|Any CPU
		{E367BF6A-1879-45AD-844E-6869ECA13866}.Release|iPhone.ActiveCfg = Release|Any CPU
		{E367BF6A-1879-45AD-844E-6869ECA13866}.Release|iPhone.Build.0 = Release|Any CPU
		{E367BF6A-1879-45AD-844E-6869ECA13866}.Release|iPhone.Deploy.0 = Release|Any CPU
		{E367BF6A-1879-45AD-844E-6869ECA13866}.Release|iPhoneSimulator.ActiveCfg = Release|Any CPU
		{E367BF6A-1879-45AD-844E-6869ECA13866}.Release|iPhoneSimulator.Build.0 = Release|Any CPU
		{E367BF6A-1879-45AD-844E-6869ECA13866}.Release|iPhoneSimulator.Deploy.0 = Release|Any CPU
		{CDB758BC-4957-49DC-9347-8230F7E8BDBD}.Debug|Any CPU.ActiveCfg = Debug|iPhone
		{CDB758BC-4957-49DC-9347-8230F7E8BDBD}.Debug|Any CPU.Build.0 = Debug|iPhone
		{CDB758BC-4957-49DC-9347-8230F7E8BDBD}.Debug|Any CPU.Deploy.0 = Debug|iPhone
		{CDB758BC-4957-49DC-9347-8230F7E8BDBD}.Debug|iPhone.ActiveCfg = Debug|iPhone
		{CDB758BC-4957-49DC-9347-8230F7E8BDBD}.Debug|iPhone.Build.0 = Debug|iPhone
		{CDB758BC-4957-49DC-9347-8230F7E8BDBD}.Debug|iPhone.Deploy.0 = Debug|iPhone
		{CDB758BC-4957-49DC-9347-8230F7E8BDBD}.Debug|iPhoneSimulator.ActiveCfg = Debug|iPhoneSimulator
		{CDB758BC-4957-49DC-9347-8230F7E8BDBD}.Debug|iPhoneSimulator.Build.0 = Debug|iPhoneSimulator
		{CDB758BC-4957-49DC-9347-8230F7E8BDBD}.Debug|iPhoneSimulator.Deploy.0 = Debug|iPhoneSimulator
		{CDB758BC-4957-49DC-9347-8230F7E8BDBD}.Release|Any CPU.ActiveCfg = Release|iPhoneSimulator
		{CDB758BC-4957-49DC-9347-8230F7E8BDBD}.Release|Any CPU.Build.0 = Release|iPhoneSimulator
		{CDB758BC-4957-49DC-9347-8230F7E8BDBD}.Release|Any CPU.Deploy.0 = Release|iPhoneSimulator
		{CDB758BC-4957-49DC-9347-8230F7E8BDBD}.Release|iPhone.ActiveCfg = Release|iPhone
		{CDB758BC-4957-49DC-9347-8230F7E8BDBD}.Release|iPhone.Build.0 = Release|iPhone
		{CDB758BC-4957-49DC-9347-8230F7E8BDBD}.Release|iPhone.Deploy.0 = Release|iPhone
		{CDB758BC-4957-49DC-9347-8230F7E8BDBD}.Release|iPhoneSimulator.ActiveCfg = Release|iPhoneSimulator
		{CDB758BC-4957-49DC-9347-8230F7E8BDBD}.Release|iPhoneSimulator.Build.0 = Release|iPhoneSimulator
		{CDB758BC-4957-49DC-9347-8230F7E8BDBD}.Release|iPhoneSimulator.Deploy.0 = Release|iPhoneSimulator
		{69E96305-050A-4F7F-BE68-81D508367FF6}.Debug|Any CPU.ActiveCfg = Debug|Any CPU
		{69E96305-050A-4F7F-BE68-81D508367FF6}.Debug|Any CPU.Build.0 = Debug|Any CPU
		{69E96305-050A-4F7F-BE68-81D508367FF6}.Debug|Any CPU.Deploy.0 = Debug|Any CPU
		{69E96305-050A-4F7F-BE68-81D508367FF6}.Debug|iPhone.ActiveCfg = Debug|Any CPU
		{69E96305-050A-4F7F-BE68-81D508367FF6}.Debug|iPhone.Build.0 = Debug|Any CPU
		{69E96305-050A-4F7F-BE68-81D508367FF6}.Debug|iPhone.Deploy.0 = Debug|Any CPU
		{69E96305-050A-4F7F-BE68-81D508367FF6}.Debug|iPhoneSimulator.ActiveCfg = Debug|Any CPU
		{69E96305-050A-4F7F-BE68-81D508367FF6}.Debug|iPhoneSimulator.Build.0 = Debug|Any CPU
		{69E96305-050A-4F7F-BE68-81D508367FF6}.Debug|iPhoneSimulator.Deploy.0 = Debug|Any CPU
		{69E96305-050A-4F7F-BE68-81D508367FF6}.Release|Any CPU.ActiveCfg = Release|Any CPU
		{69E96305-050A-4F7F-BE68-81D508367FF6}.Release|Any CPU.Build.0 = Release|Any CPU
		{69E96305-050A-4F7F-BE68-81D508367FF6}.Release|Any CPU.Deploy.0 = Release|Any CPU
		{69E96305-050A-4F7F-BE68-81D508367FF6}.Release|iPhone.ActiveCfg = Release|Any CPU
		{69E96305-050A-4F7F-BE68-81D508367FF6}.Release|iPhone.Build.0 = Release|Any CPU
		{69E96305-050A-4F7F-BE68-81D508367FF6}.Release|iPhone.Deploy.0 = Release|Any CPU
		{69E96305-050A-4F7F-BE68-81D508367FF6}.Release|iPhoneSimulator.ActiveCfg = Release|Any CPU
		{69E96305-050A-4F7F-BE68-81D508367FF6}.Release|iPhoneSimulator.Build.0 = Release|Any CPU
		{69E96305-050A-4F7F-BE68-81D508367FF6}.Release|iPhoneSimulator.Deploy.0 = Release|Any CPU
	EndGlobalSection
	GlobalSection(SolutionProperties) = preSolution
		HideSolutionNode = FALSE
	EndGlobalSection
	GlobalSection(ExtensibilityGlobals) = postSolution
		SolutionGuid = {1CEEB14B-DB03-47E3-A552-B6FC0853125B}
	EndGlobalSection
EndGlobal
